
Microsoft Visual Studio Solution File, Format Version 12.00
# Visual Studio Version 16
VisualStudioVersion = 16.0.31005.135
MinimumVisualStudioVersion = 10.0.40219.1
Project("{2150E333-8FDC-42A3-9474-1A3956D46DE8}") = "Services", "Services", "{54579B5D-29FA-4792-8F32-6695F95B0B82}"
EndProject
Project("{2150E333-8FDC-42A3-9474-1A3956D46DE8}") = "Catalog", "Catalog", "{4FD49689-8F27-4D8E-8B1C-63104F67435F}"
EndProject
Project("{9A19103F-16F7-4668-BE54-9A1E7A4F7556}") = "Catalog.API", "Services\Catalog\Catalog.API\Catalog.API.csproj", "{533FBE10-D28E-4257-BD0D-E883183D0126}"
EndProject
Project("{E53339B2-1760-4266-BCC7-CA923CBCF16C}") = "docker-compose", "docker-compose.dcproj", "{90BFF3C3-E256-4367-8ECA-F6375EED9DB3}"
EndProject
Global
	GlobalSection(SolutionConfigurationPlatforms) = preSolution
		Debug|Any CPU = Debug|Any CPU
		Release|Any CPU = Release|Any CPU
	EndGlobalSection
	GlobalSection(ProjectConfigurationPlatforms) = postSolution
		{533FBE10-D28E-4257-BD0D-E883183D0126}.Debug|Any CPU.ActiveCfg = Debug|Any CPU
		{533FBE10-D28E-4257-BD0D-E883183D0126}.Debug|Any CPU.Build.0 = Debug|Any CPU
		{533FBE10-D28E-4257-BD0D-E883183D0126}.Release|Any CPU.ActiveCfg = Release|Any CPU
		{533FBE10-D28E-4257-BD0D-E883183D0126}.Release|Any CPU.Build.0 = Release|Any CPU
		{90BFF3C3-E256-4367-8ECA-F6375EED9DB3}.Debug|Any CPU.ActiveCfg = Debug|Any CPU
		{90BFF3C3-E256-4367-8ECA-F6375EED9DB3}.Debug|Any CPU.Build.0 = Debug|Any CPU
		{90BFF3C3-E256-4367-8ECA-F6375EED9DB3}.Release|Any CPU.ActiveCfg = Release|Any CPU
		{90BFF3C3-E256-4367-8ECA-F6375EED9DB3}.Release|Any CPU.Build.0 = Release|Any CPU
	EndGlobalSection
	GlobalSection(SolutionProperties) = preSolution
		HideSolutionNode = FALSE
	EndGlobalSection
	GlobalSection(NestedProjects) = preSolution
		{4FD49689-8F27-4D8E-8B1C-63104F67435F} = {54579B5D-29FA-4792-8F32-6695F95B0B82}
		{533FBE10-D28E-4257-BD0D-E883183D0126} = {4FD49689-8F27-4D8E-8B1C-63104F67435F}
	EndGlobalSection
	GlobalSection(ExtensibilityGlobals) = postSolution
		SolutionGuid = {5EF38C85-6E62-4677-A6A4-68F8175654B9}
	EndGlobalSection
EndGlobal
