
Microsoft Visual Studio Solution File, Format Version 12.00
# Visual Studio Version 16
VisualStudioVersion = 16.0.31005.135
MinimumVisualStudioVersion = 10.0.40219.1
Project("{2150E333-8FDC-42A3-9474-1A3956D46DE8}") = "Services", "Services", "{54579B5D-29FA-4792-8F32-6695F95B0B82}"
EndProject
Project("{2150E333-8FDC-42A3-9474-1A3956D46DE8}") = "Catalog", "Catalog", "{4FD49689-8F27-4D8E-8B1C-63104F67435F}"
EndProject
Project("{9A19103F-16F7-4668-BE54-9A1E7A4F7556}") = "Catalog.API", "Services\Catalog\Catalog.API\Catalog.API.csproj", "{533FBE10-D28E-4257-BD0D-E883183D0126}"
EndProject
Project("{E53339B2-1760-4266-BCC7-CA923CBCF16C}") = "docker-compose", "docker-compose.dcproj", "{90BFF3C3-E256-4367-8ECA-F6375EED9DB3}"
EndProject
Project("{2150E333-8FDC-42A3-9474-1A3956D46DE8}") = "Basket", "Basket", "{8E891C53-ED7A-48E7-A517-504FE1F38191}"
EndProject
Project("{9A19103F-16F7-4668-BE54-9A1E7A4F7556}") = "Basket.API", "Services\Basket\Basket.API\Basket.API.csproj", "{9187884D-33B5-4919-BB56-66B938DF2CAD}"
EndProject
Project("{2150E333-8FDC-42A3-9474-1A3956D46DE8}") = "Discount", "Discount", "{B5A1281A-151C-45CB-BDC4-49A0445B27D7}"
EndProject
Project("{9A19103F-16F7-4668-BE54-9A1E7A4F7556}") = "Discount.API", "Services\Discount\Discount.API\Discount.API.csproj", "{5AFFDFB0-9BF1-4583-B31E-EC8AC6B485B4}"
EndProject
Project("{9A19103F-16F7-4668-BE54-9A1E7A4F7556}") = "Discount.Grpc", "Services\Discount\Discount.Grpc\Discount.Grpc.csproj", "{EA3686E1-8AFE-4B95-AC85-EAEE949A93DF}"
EndProject
Project("{2150E333-8FDC-42A3-9474-1A3956D46DE8}") = "Ordering", "Ordering", "{85A3259A-6819-4578-99BF-313399DC848D}"
EndProject
Project("{FAE04EC0-301F-11D3-BF4B-00C04F79EFBC}") = "Ordering.API", "Services\Ordering\Ordering.API\Ordering.API.csproj", "{A430B2D8-9357-496D-9008-1578AB81F489}"
EndProject
Global
	GlobalSection(SolutionConfigurationPlatforms) = preSolution
		Debug|Any CPU = Debug|Any CPU
		Release|Any CPU = Release|Any CPU
	EndGlobalSection
	GlobalSection(ProjectConfigurationPlatforms) = postSolution
		{533FBE10-D28E-4257-BD0D-E883183D0126}.Debug|Any CPU.ActiveCfg = Debug|Any CPU
		{533FBE10-D28E-4257-BD0D-E883183D0126}.Debug|Any CPU.Build.0 = Debug|Any CPU
		{533FBE10-D28E-4257-BD0D-E883183D0126}.Release|Any CPU.ActiveCfg = Release|Any CPU
		{533FBE10-D28E-4257-BD0D-E883183D0126}.Release|Any CPU.Build.0 = Release|Any CPU
		{90BFF3C3-E256-4367-8ECA-F6375EED9DB3}.Debug|Any CPU.ActiveCfg = Debug|Any CPU
		{90BFF3C3-E256-4367-8ECA-F6375EED9DB3}.Debug|Any CPU.Build.0 = Debug|Any CPU
		{90BFF3C3-E256-4367-8ECA-F6375EED9DB3}.Release|Any CPU.ActiveCfg = Release|Any CPU
		{90BFF3C3-E256-4367-8ECA-F6375EED9DB3}.Release|Any CPU.Build.0 = Release|Any CPU
		{9187884D-33B5-4919-BB56-66B938DF2CAD}.Debug|Any CPU.ActiveCfg = Debug|Any CPU
		{9187884D-33B5-4919-BB56-66B938DF2CAD}.Debug|Any CPU.Build.0 = Debug|Any CPU
		{9187884D-33B5-4919-BB56-66B938DF2CAD}.Release|Any CPU.ActiveCfg = Release|Any CPU
		{9187884D-33B5-4919-BB56-66B938DF2CAD}.Release|Any CPU.Build.0 = Release|Any CPU
		{5AFFDFB0-9BF1-4583-B31E-EC8AC6B485B4}.Debug|Any CPU.ActiveCfg = Debug|Any CPU
		{5AFFDFB0-9BF1-4583-B31E-EC8AC6B485B4}.Debug|Any CPU.Build.0 = Debug|Any CPU
		{5AFFDFB0-9BF1-4583-B31E-EC8AC6B485B4}.Release|Any CPU.ActiveCfg = Release|Any CPU
		{5AFFDFB0-9BF1-4583-B31E-EC8AC6B485B4}.Release|Any CPU.Build.0 = Release|Any CPU
		{EA3686E1-8AFE-4B95-AC85-EAEE949A93DF}.Debug|Any CPU.ActiveCfg = Debug|Any CPU
		{EA3686E1-8AFE-4B95-AC85-EAEE949A93DF}.Debug|Any CPU.Build.0 = Debug|Any CPU
		{EA3686E1-8AFE-4B95-AC85-EAEE949A93DF}.Release|Any CPU.ActiveCfg = Release|Any CPU
		{EA3686E1-8AFE-4B95-AC85-EAEE949A93DF}.Release|Any CPU.Build.0 = Release|Any CPU
		{A430B2D8-9357-496D-9008-1578AB81F489}.Debug|Any CPU.ActiveCfg = Debug|Any CPU
		{A430B2D8-9357-496D-9008-1578AB81F489}.Debug|Any CPU.Build.0 = Debug|Any CPU
		{A430B2D8-9357-496D-9008-1578AB81F489}.Release|Any CPU.ActiveCfg = Release|Any CPU
		{A430B2D8-9357-496D-9008-1578AB81F489}.Release|Any CPU.Build.0 = Release|Any CPU
	EndGlobalSection
	GlobalSection(SolutionProperties) = preSolution
		HideSolutionNode = FALSE
	EndGlobalSection
	GlobalSection(NestedProjects) = preSolution
		{4FD49689-8F27-4D8E-8B1C-63104F67435F} = {54579B5D-29FA-4792-8F32-6695F95B0B82}
		{533FBE10-D28E-4257-BD0D-E883183D0126} = {4FD49689-8F27-4D8E-8B1C-63104F67435F}
		{8E891C53-ED7A-48E7-A517-504FE1F38191} = {54579B5D-29FA-4792-8F32-6695F95B0B82}
		{9187884D-33B5-4919-BB56-66B938DF2CAD} = {8E891C53-ED7A-48E7-A517-504FE1F38191}
		{B5A1281A-151C-45CB-BDC4-49A0445B27D7} = {54579B5D-29FA-4792-8F32-6695F95B0B82}
		{5AFFDFB0-9BF1-4583-B31E-EC8AC6B485B4} = {B5A1281A-151C-45CB-BDC4-49A0445B27D7}
		{EA3686E1-8AFE-4B95-AC85-EAEE949A93DF} = {B5A1281A-151C-45CB-BDC4-49A0445B27D7}
		{85A3259A-6819-4578-99BF-313399DC848D} = {54579B5D-29FA-4792-8F32-6695F95B0B82}
		{A430B2D8-9357-496D-9008-1578AB81F489} = {85A3259A-6819-4578-99BF-313399DC848D}
	EndGlobalSection
	GlobalSection(ExtensibilityGlobals) = postSolution
		SolutionGuid = {5EF38C85-6E62-4677-A6A4-68F8175654B9}
	EndGlobalSection
EndGlobal
